
Microsoft Visual Studio Solution File, Format Version 12.00
# Visual Studio Version 17
VisualStudioVersion = 17.0.32126.317
MinimumVisualStudioVersion = 10.0.40219.1
Project("{FAE04EC0-301F-11D3-BF4B-00C04F79EFBC}") = "WebApi", "WebApi\WebApi.csproj", "{BFA6983C-596A-4D99-A998-DF08A9F52F96}"
EndProject
Global
	GlobalSection(SolutionConfigurationPlatforms) = preSolution
		Debug|Any CPU = Debug|Any CPU
		Release|Any CPU = Release|Any CPU
	EndGlobalSection
	GlobalSection(ProjectConfigurationPlatforms) = postSolution
		{BFA6983C-596A-4D99-A998-DF08A9F52F96}.Debug|Any CPU.ActiveCfg = Debug|Any CPU
		{BFA6983C-596A-4D99-A998-DF08A9F52F96}.Debug|Any CPU.Build.0 = Debug|Any CPU
		{BFA6983C-596A-4D99-A998-DF08A9F52F96}.Release|Any CPU.ActiveCfg = Release|Any CPU
		{BFA6983C-596A-4D99-A998-DF08A9F52F96}.Release|Any CPU.Build.0 = Release|Any CPU
	EndGlobalSection
	GlobalSection(SolutionProperties) = preSolution
		HideSolutionNode = FALSE
	EndGlobalSection
	GlobalSection(ExtensibilityGlobals) = postSolution
		SolutionGuid = {B9CF2D2A-814D-4173-A909-C382CD97B1EF}
	EndGlobalSection
EndGlobal
